
Microsoft Visual Studio Solution File, Format Version 12.00
# Visual Studio Version 16
VisualStudioVersion = 16.0.30011.22
MinimumVisualStudioVersion = 10.0.40219.1
Project("{9A19103F-16F7-4668-BE54-9A1E7A4F7556}") = "Shop.UI", "Shop.UI\Shop.UI.csproj", "{A5B314EA-5647-4CD5-8408-6277A41B6EF1}"
EndProject
Project("{9A19103F-16F7-4668-BE54-9A1E7A4F7556}") = "Shop.Domain", "Shop.Domain\Shop.Domain.csproj", "{D9E47DA8-7FA1-4B09-95E6-E7B421F16739}"
EndProject
Project("{9A19103F-16F7-4668-BE54-9A1E7A4F7556}") = "Shop.Application", "Shop.Application\Shop.Application.csproj", "{CABAAFE9-43CA-4206-9071-63D68E308B62}"
EndProject
Project("{9A19103F-16F7-4668-BE54-9A1E7A4F7556}") = "Shop.Database", "Shop.Database\Shop.Database.csproj", "{E4849388-A9ED-47F8-9C90-D6711FC9DAF3}"
EndProject
Global
	GlobalSection(SolutionConfigurationPlatforms) = preSolution
		Debug|Any CPU = Debug|Any CPU
		Release|Any CPU = Release|Any CPU
	EndGlobalSection
	GlobalSection(ProjectConfigurationPlatforms) = postSolution
		{A5B314EA-5647-4CD5-8408-6277A41B6EF1}.Debug|Any CPU.ActiveCfg = Debug|Any CPU
		{A5B314EA-5647-4CD5-8408-6277A41B6EF1}.Debug|Any CPU.Build.0 = Debug|Any CPU
		{A5B314EA-5647-4CD5-8408-6277A41B6EF1}.Release|Any CPU.ActiveCfg = Release|Any CPU
		{A5B314EA-5647-4CD5-8408-6277A41B6EF1}.Release|Any CPU.Build.0 = Release|Any CPU
		{D9E47DA8-7FA1-4B09-95E6-E7B421F16739}.Debug|Any CPU.ActiveCfg = Debug|Any CPU
		{D9E47DA8-7FA1-4B09-95E6-E7B421F16739}.Debug|Any CPU.Build.0 = Debug|Any CPU
		{D9E47DA8-7FA1-4B09-95E6-E7B421F16739}.Release|Any CPU.ActiveCfg = Release|Any CPU
		{D9E47DA8-7FA1-4B09-95E6-E7B421F16739}.Release|Any CPU.Build.0 = Release|Any CPU
		{CABAAFE9-43CA-4206-9071-63D68E308B62}.Debug|Any CPU.ActiveCfg = Debug|Any CPU
		{CABAAFE9-43CA-4206-9071-63D68E308B62}.Debug|Any CPU.Build.0 = Debug|Any CPU
		{CABAAFE9-43CA-4206-9071-63D68E308B62}.Release|Any CPU.ActiveCfg = Release|Any CPU
		{CABAAFE9-43CA-4206-9071-63D68E308B62}.Release|Any CPU.Build.0 = Release|Any CPU
		{E4849388-A9ED-47F8-9C90-D6711FC9DAF3}.Debug|Any CPU.ActiveCfg = Debug|Any CPU
		{E4849388-A9ED-47F8-9C90-D6711FC9DAF3}.Debug|Any CPU.Build.0 = Debug|Any CPU
		{E4849388-A9ED-47F8-9C90-D6711FC9DAF3}.Release|Any CPU.ActiveCfg = Release|Any CPU
		{E4849388-A9ED-47F8-9C90-D6711FC9DAF3}.Release|Any CPU.Build.0 = Release|Any CPU
	EndGlobalSection
	GlobalSection(SolutionProperties) = preSolution
		HideSolutionNode = FALSE
	EndGlobalSection
	GlobalSection(ExtensibilityGlobals) = postSolution
		SolutionGuid = {A1548A10-79BF-4CB4-8C51-57A6C7775B76}
	EndGlobalSection
EndGlobal
